# THIS IS AN AUTOGENERATED FILE. DO NOT EDIT THIS FILE DIRECTLY.
# yarn lockfile v1


bs-platform@^5.0.2:
  version "5.0.2"
  resolved "https://registry.yarnpkg.com/bs-platform/-/bs-platform-5.0.2.tgz#f10380a6f9accba0e150015ede343bae15db699b"
  integrity sha512-lj0uCwhu3tJdUOUp1pX/MG6ar19wbK5kKvs9FMzg0RqloKhtoZ0CgE2CFxNY+i01IhblJeEADGjucvXeO5TgdQ==
